
Microsoft Visual Studio Solution File, Format Version 12.00
# Visual Studio Version 17
VisualStudioVersion = 17.9.34701.34
MinimumVisualStudioVersion = 10.0.40219.1
Project("{FAE04EC0-301F-11D3-BF4B-00C04F79EFBC}") = "22521100_Lab6", "22521100_Lab6.csproj", "{8EE8C7BF-56B6-4C91-B57D-10D7D02BF291}"
EndProject
Global
	GlobalSection(SolutionConfigurationPlatforms) = preSolution
		Debug|Any CPU = Debug|Any CPU
		Release|Any CPU = Release|Any CPU
	EndGlobalSection
	GlobalSection(ProjectConfigurationPlatforms) = postSolution
		{8EE8C7BF-56B6-4C91-B57D-10D7D02BF291}.Debug|Any CPU.ActiveCfg = Debug|Any CPU
		{8EE8C7BF-56B6-4C91-B57D-10D7D02BF291}.Debug|Any CPU.Build.0 = Debug|Any CPU
		{8EE8C7BF-56B6-4C91-B57D-10D7D02BF291}.Release|Any CPU.ActiveCfg = Release|Any CPU
		{8EE8C7BF-56B6-4C91-B57D-10D7D02BF291}.Release|Any CPU.Build.0 = Release|Any CPU
	EndGlobalSection
	GlobalSection(SolutionProperties) = preSolution
		HideSolutionNode = FALSE
	EndGlobalSection
	GlobalSection(ExtensibilityGlobals) = postSolution
		SolutionGuid = {AF52678C-6474-4D53-96C5-2E4C885414AB}
	EndGlobalSection
EndGlobal
